
Microsoft Visual Studio Solution File, Format Version 12.00
# Visual Studio Version 17
VisualStudioVersion = 17.11.35222.181
MinimumVisualStudioVersion = 10.0.40219.1
Project("{9A19103F-16F7-4668-BE54-9A1E7A4F7556}") = "GroupProjectCSharp", "GroupProjectCSharp\GroupProjectCSharp.csproj", "{978E4DE9-AAD2-412F-B6D0-57181EE1C370}"
EndProject
Project("{FAE04EC0-301F-11D3-BF4B-00C04F79EFBC}") = "HighlanderMovements", "HighlanderMovements\HighlanderMovements.csproj", "{100FF2DB-BE47-418F-87B4-19BF45FDB410}"
EndProject
Project("{FAE04EC0-301F-11D3-BF4B-00C04F79EFBC}") = "Simulation", "Simulation\Simulation.csproj", "{06118C2F-17FB-4CDB-8547-31D8570416C6}"
EndProject
Project("{FAE04EC0-301F-11D3-BF4B-00C04F79EFBC}") = "ConsoleTester", "ConsoleTester\ConsoleTester.csproj", "{705596F4-7239-45A7-AE6F-F084ABE5C55D}"
EndProject
Project("{FAE04EC0-301F-11D3-BF4B-00C04F79EFBC}") = "Game", "Game\Game.csproj", "{B327CC3D-039D-4BCE-9732-F1656BDC9864}"
EndProject
Global
	GlobalSection(SolutionConfigurationPlatforms) = preSolution
		Debug|Any CPU = Debug|Any CPU
		Release|Any CPU = Release|Any CPU
	EndGlobalSection
	GlobalSection(ProjectConfigurationPlatforms) = postSolution
		{978E4DE9-AAD2-412F-B6D0-57181EE1C370}.Debug|Any CPU.ActiveCfg = Debug|Any CPU
		{978E4DE9-AAD2-412F-B6D0-57181EE1C370}.Debug|Any CPU.Build.0 = Debug|Any CPU
		{978E4DE9-AAD2-412F-B6D0-57181EE1C370}.Release|Any CPU.ActiveCfg = Release|Any CPU
		{978E4DE9-AAD2-412F-B6D0-57181EE1C370}.Release|Any CPU.Build.0 = Release|Any CPU
		{100FF2DB-BE47-418F-87B4-19BF45FDB410}.Debug|Any CPU.ActiveCfg = Debug|Any CPU
		{100FF2DB-BE47-418F-87B4-19BF45FDB410}.Debug|Any CPU.Build.0 = Debug|Any CPU
		{100FF2DB-BE47-418F-87B4-19BF45FDB410}.Release|Any CPU.ActiveCfg = Release|Any CPU
		{100FF2DB-BE47-418F-87B4-19BF45FDB410}.Release|Any CPU.Build.0 = Release|Any CPU
		{06118C2F-17FB-4CDB-8547-31D8570416C6}.Debug|Any CPU.ActiveCfg = Debug|Any CPU
		{06118C2F-17FB-4CDB-8547-31D8570416C6}.Debug|Any CPU.Build.0 = Debug|Any CPU
		{06118C2F-17FB-4CDB-8547-31D8570416C6}.Release|Any CPU.ActiveCfg = Release|Any CPU
		{06118C2F-17FB-4CDB-8547-31D8570416C6}.Release|Any CPU.Build.0 = Release|Any CPU
		{705596F4-7239-45A7-AE6F-F084ABE5C55D}.Debug|Any CPU.ActiveCfg = Debug|Any CPU
		{705596F4-7239-45A7-AE6F-F084ABE5C55D}.Debug|Any CPU.Build.0 = Debug|Any CPU
		{705596F4-7239-45A7-AE6F-F084ABE5C55D}.Release|Any CPU.ActiveCfg = Release|Any CPU
		{705596F4-7239-45A7-AE6F-F084ABE5C55D}.Release|Any CPU.Build.0 = Release|Any CPU
		{B327CC3D-039D-4BCE-9732-F1656BDC9864}.Debug|Any CPU.ActiveCfg = Debug|Any CPU
		{B327CC3D-039D-4BCE-9732-F1656BDC9864}.Debug|Any CPU.Build.0 = Debug|Any CPU
		{B327CC3D-039D-4BCE-9732-F1656BDC9864}.Release|Any CPU.ActiveCfg = Release|Any CPU
		{B327CC3D-039D-4BCE-9732-F1656BDC9864}.Release|Any CPU.Build.0 = Release|Any CPU
	EndGlobalSection
	GlobalSection(SolutionProperties) = preSolution
		HideSolutionNode = FALSE
	EndGlobalSection
	GlobalSection(ExtensibilityGlobals) = postSolution
		SolutionGuid = {736B90DE-9E34-4ABC-BE6B-B956D62CF27F}
	EndGlobalSection
EndGlobal
